
Microsoft Visual Studio Solution File, Format Version 12.00
# Visual Studio Version 17
VisualStudioVersion = 17.4.33110.190
MinimumVisualStudioVersion = 10.0.40219.1
Project("{FAE04EC0-301F-11D3-BF4B-00C04F79EFBC}") = "DemoBridge", "DemoBridge\DemoBridge.csproj", "{BEECED33-0B66-4E9A-88C7-5DC8C34AD417}"
EndProject
Global
	GlobalSection(SolutionConfigurationPlatforms) = preSolution
		Debug|Any CPU = Debug|Any CPU
		Release|Any CPU = Release|Any CPU
	EndGlobalSection
	GlobalSection(ProjectConfigurationPlatforms) = postSolution
		{BEECED33-0B66-4E9A-88C7-5DC8C34AD417}.Debug|Any CPU.ActiveCfg = Debug|Any CPU
		{BEECED33-0B66-4E9A-88C7-5DC8C34AD417}.Debug|Any CPU.Build.0 = Debug|Any CPU
		{BEECED33-0B66-4E9A-88C7-5DC8C34AD417}.Release|Any CPU.ActiveCfg = Release|Any CPU
		{BEECED33-0B66-4E9A-88C7-5DC8C34AD417}.Release|Any CPU.Build.0 = Release|Any CPU
	EndGlobalSection
	GlobalSection(SolutionProperties) = preSolution
		HideSolutionNode = FALSE
	EndGlobalSection
	GlobalSection(ExtensibilityGlobals) = postSolution
		SolutionGuid = {B7833647-1D5C-4EFA-8A72-17CB4DB5CB65}
	EndGlobalSection
EndGlobal
